{
  "name": "lecture-portal",
  "version": "v1.19.2",
  "lockfileVersion": 1,
  "requires": true,
  "dependencies": {
    "bootstrap-timepicker": {
      "version": "0.5.2",
      "resolved": "https://registry.npmjs.org/bootstrap-timepicker/-/bootstrap-timepicker-0.5.2.tgz",
      "integrity": "sha1-EO2fKi8LjMrvzeD89qBzi5GaODU="
    }
  }
}
